
Microsoft Visual Studio Solution File, Format Version 12.00
# Visual Studio Version 17
VisualStudioVersion = 17.9.34607.119
MinimumVisualStudioVersion = 10.0.40219.1
Project("{FAE04EC0-301F-11D3-BF4B-00C04F79EFBC}") = "IISAnyCors", "IISAnyCors\IISAnyCors.csproj", "{5F76D56F-0660-47B7-8327-645BBCFB4945}"
EndProject
Global
	GlobalSection(SolutionConfigurationPlatforms) = preSolution
		Debug|Any CPU = Debug|Any CPU
		Release|Any CPU = Release|Any CPU
	EndGlobalSection
	GlobalSection(ProjectConfigurationPlatforms) = postSolution
		{5F76D56F-0660-47B7-8327-645BBCFB4945}.Debug|Any CPU.ActiveCfg = Debug|Any CPU
		{5F76D56F-0660-47B7-8327-645BBCFB4945}.Debug|Any CPU.Build.0 = Debug|Any CPU
		{5F76D56F-0660-47B7-8327-645BBCFB4945}.Release|Any CPU.ActiveCfg = Release|Any CPU
		{5F76D56F-0660-47B7-8327-645BBCFB4945}.Release|Any CPU.Build.0 = Release|Any CPU
	EndGlobalSection
	GlobalSection(SolutionProperties) = preSolution
		HideSolutionNode = FALSE
	EndGlobalSection
	GlobalSection(ExtensibilityGlobals) = postSolution
		SolutionGuid = {8A1DAB56-6C0E-439A-972A-8B10CEDA97A2}
	EndGlobalSection
EndGlobal
